
Microsoft Visual Studio Solution File, Format Version 12.00
# Visual Studio Version 16
VisualStudioVersion = 16.0.32002.261
MinimumVisualStudioVersion = 10.0.40219.1
Project("{FAE04EC0-301F-11D3-BF4B-00C04F79EFBC}") = "Room Management", "Room Management.csproj", "{0543A801-8F0B-404F-AD42-6DC31BB5A455}"
EndProject
Global
	GlobalSection(SolutionConfigurationPlatforms) = preSolution
		Debug|Any CPU = Debug|Any CPU
		Release|Any CPU = Release|Any CPU
	EndGlobalSection
	GlobalSection(ProjectConfigurationPlatforms) = postSolution
		{0543A801-8F0B-404F-AD42-6DC31BB5A455}.Debug|Any CPU.ActiveCfg = Debug|Any CPU
		{0543A801-8F0B-404F-AD42-6DC31BB5A455}.Debug|Any CPU.Build.0 = Debug|Any CPU
		{0543A801-8F0B-404F-AD42-6DC31BB5A455}.Release|Any CPU.ActiveCfg = Release|Any CPU
		{0543A801-8F0B-404F-AD42-6DC31BB5A455}.Release|Any CPU.Build.0 = Release|Any CPU
	EndGlobalSection
	GlobalSection(SolutionProperties) = preSolution
		HideSolutionNode = FALSE
	EndGlobalSection
	GlobalSection(ExtensibilityGlobals) = postSolution
		SolutionGuid = {92046596-2F2B-4B3B-9610-1DEE318E5789}
	EndGlobalSection
EndGlobal
